
Microsoft Visual Studio Solution File, Format Version 12.00
# Visual Studio Version 16
VisualStudioVersion = 16.0.30611.23
MinimumVisualStudioVersion = 10.0.40219.1
Project("{FAE04EC0-301F-11D3-BF4B-00C04F79EFBC}") = "Assignment4", "Assignment4\Assignment4.csproj", "{2D0C8E73-CA29-49D5-A942-DA34D8EA862A}"
EndProject
Global
	GlobalSection(SolutionConfigurationPlatforms) = preSolution
		Debug|Any CPU = Debug|Any CPU
		Release|Any CPU = Release|Any CPU
	EndGlobalSection
	GlobalSection(ProjectConfigurationPlatforms) = postSolution
		{2D0C8E73-CA29-49D5-A942-DA34D8EA862A}.Debug|Any CPU.ActiveCfg = Debug|Any CPU
		{2D0C8E73-CA29-49D5-A942-DA34D8EA862A}.Debug|Any CPU.Build.0 = Debug|Any CPU
		{2D0C8E73-CA29-49D5-A942-DA34D8EA862A}.Release|Any CPU.ActiveCfg = Release|Any CPU
		{2D0C8E73-CA29-49D5-A942-DA34D8EA862A}.Release|Any CPU.Build.0 = Release|Any CPU
	EndGlobalSection
	GlobalSection(SolutionProperties) = preSolution
		HideSolutionNode = FALSE
	EndGlobalSection
	GlobalSection(ExtensibilityGlobals) = postSolution
		SolutionGuid = {1AC9BD07-6DD2-4496-9587-0205B7DE0C30}
	EndGlobalSection
EndGlobal
